
Microsoft Visual Studio Solution File, Format Version 12.00
# Visual Studio 14
VisualStudioVersion = 14.0.25420.1
MinimumVisualStudioVersion = 10.0.40219.1
Project("{8BC9CEB8-8B4A-11D0-8D11-00A0C91BC942}") = "Beltowner", "Beltowner\Beltowner.vcxproj", "{F114440E-D335-466F-815C-C9D147A752CD}"
EndProject
Project("{8BC9CEB8-8B4A-11D0-8D11-00A0C91BC942}") = "ConsoleInterface", "ConsoleInterface\ConsoleInterface.vcxproj", "{210B877C-418F-4DF3-823A-E516C0DC4B2E}"
EndProject
Global
	GlobalSection(SolutionConfigurationPlatforms) = preSolution
		Debug|x64 = Debug|x64
		Debug|x86 = Debug|x86
		Release|x64 = Release|x64
		Release|x86 = Release|x86
	EndGlobalSection
	GlobalSection(ProjectConfigurationPlatforms) = postSolution
		{F114440E-D335-466F-815C-C9D147A752CD}.Debug|x64.ActiveCfg = Debug|x64
		{F114440E-D335-466F-815C-C9D147A752CD}.Debug|x64.Build.0 = Debug|x64
		{F114440E-D335-466F-815C-C9D147A752CD}.Debug|x86.ActiveCfg = Debug|Win32
		{F114440E-D335-466F-815C-C9D147A752CD}.Debug|x86.Build.0 = Debug|Win32
		{F114440E-D335-466F-815C-C9D147A752CD}.Release|x64.ActiveCfg = Release|x64
		{F114440E-D335-466F-815C-C9D147A752CD}.Release|x64.Build.0 = Release|x64
		{F114440E-D335-466F-815C-C9D147A752CD}.Release|x86.ActiveCfg = Release|Win32
		{F114440E-D335-466F-815C-C9D147A752CD}.Release|x86.Build.0 = Release|Win32
		{210B877C-418F-4DF3-823A-E516C0DC4B2E}.Debug|x64.ActiveCfg = Debug|x64
		{210B877C-418F-4DF3-823A-E516C0DC4B2E}.Debug|x64.Build.0 = Debug|x64
		{210B877C-418F-4DF3-823A-E516C0DC4B2E}.Debug|x86.ActiveCfg = Debug|Win32
		{210B877C-418F-4DF3-823A-E516C0DC4B2E}.Debug|x86.Build.0 = Debug|Win32
		{210B877C-418F-4DF3-823A-E516C0DC4B2E}.Release|x64.ActiveCfg = Release|x64
		{210B877C-418F-4DF3-823A-E516C0DC4B2E}.Release|x64.Build.0 = Release|x64
		{210B877C-418F-4DF3-823A-E516C0DC4B2E}.Release|x86.ActiveCfg = Release|Win32
		{210B877C-418F-4DF3-823A-E516C0DC4B2E}.Release|x86.Build.0 = Release|Win32
	EndGlobalSection
	GlobalSection(SolutionProperties) = preSolution
		HideSolutionNode = FALSE
	EndGlobalSection
EndGlobal
